
Microsoft Visual Studio Solution File, Format Version 12.00
# Visual Studio Version 17
VisualStudioVersion = 17.2.32526.322
MinimumVisualStudioVersion = 10.0.40219.1
Project("{FAE04EC0-301F-11D3-BF4B-00C04F79EFBC}") = "TestWebAPI", "TestWebAPI\TestWebAPI.csproj", "{6FD4F1B6-DBAE-44DA-8EDA-2407C320EFC6}"
EndProject
Global
	GlobalSection(SolutionConfigurationPlatforms) = preSolution
		Debug|Any CPU = Debug|Any CPU
		Release|Any CPU = Release|Any CPU
	EndGlobalSection
	GlobalSection(ProjectConfigurationPlatforms) = postSolution
		{6FD4F1B6-DBAE-44DA-8EDA-2407C320EFC6}.Debug|Any CPU.ActiveCfg = Debug|Any CPU
		{6FD4F1B6-DBAE-44DA-8EDA-2407C320EFC6}.Debug|Any CPU.Build.0 = Debug|Any CPU
		{6FD4F1B6-DBAE-44DA-8EDA-2407C320EFC6}.Release|Any CPU.ActiveCfg = Release|Any CPU
		{6FD4F1B6-DBAE-44DA-8EDA-2407C320EFC6}.Release|Any CPU.Build.0 = Release|Any CPU
	EndGlobalSection
	GlobalSection(SolutionProperties) = preSolution
		HideSolutionNode = FALSE
	EndGlobalSection
	GlobalSection(ExtensibilityGlobals) = postSolution
		SolutionGuid = {5D2322DC-F737-414A-A88F-E6F3C139770D}
	EndGlobalSection
EndGlobal
